{
  "name": "vapor-server",
  "version": "0.1",
  "lockfileVersion": 2,
  "requires": true,
  "packages": {
    "": {
      "name": "vapor-server",
      "version": "0.1",
      "license": "MIT",
      "dependencies": {
        "underscore": "^1.13.2",
        "uWebSockets.js": "git+https://github.com/uNetworking/uWebSockets.js.git#v20.6.0"
      },
      "engines": {
        "node": "16.x"
      }
    },
    "node_modules/underscore": {
      "version": "1.13.2",
      "resolved": "https://registry.npmjs.org/underscore/-/underscore-1.13.2.tgz",
      "integrity": "sha512-ekY1NhRzq0B08g4bGuX4wd2jZx5GnKz6mKSqFL4nqBlfyMGiG10gDFhDTMEfYmDL6Jy0FUIZp7wiRB+0BP7J2g=="
    },
    "node_modules/uWebSockets.js": {
      "version": "20.6.0",
      "resolved": "git+ssh://git@github.com/uNetworking/uWebSockets.js.git#a58e810e47a23696410f6073c8c905dc38f75da5"
    }
  },
  "dependencies": {
    "underscore": {
      "version": "1.13.2",
      "resolved": "https://registry.npmjs.org/underscore/-/underscore-1.13.2.tgz",
      "integrity": "sha512-ekY1NhRzq0B08g4bGuX4wd2jZx5GnKz6mKSqFL4nqBlfyMGiG10gDFhDTMEfYmDL6Jy0FUIZp7wiRB+0BP7J2g=="
    },
    "uWebSockets.js": {
      "version": "git+ssh://git@github.com/uNetworking/uWebSockets.js.git#a58e810e47a23696410f6073c8c905dc38f75da5",
      "from": "uWebSockets.js@git+https://github.com/uNetworking/uWebSockets.js.git#v20.6.0"
    }
  }
}